
Microsoft Visual Studio Solution File, Format Version 12.00
# Visual Studio Version 17
VisualStudioVersion = 17.11.35431.28
MinimumVisualStudioVersion = 10.0.40219.1
Project("{9A19103F-16F7-4668-BE54-9A1E7A4F7556}") = "DockerAppStarter.Gui", "DockerAppStarter.Gui\DockerAppStarter.Gui.csproj", "{86B161A6-312C-4B6C-AAA5-061D6FDEC967}"
EndProject
Project("{2150E333-8FDC-42A3-9474-1A3956D46DE8}") = "Root", "Root", "{B9D233BF-3C83-4022-B253-BFEEF7F3600F}"
	ProjectSection(SolutionItems) = preProject
		..\.gitignore = ..\.gitignore
		..\LICENSE.txt = ..\LICENSE.txt
		..\README.md = ..\README.md
	EndProjectSection
EndProject
Project("{2150E333-8FDC-42A3-9474-1A3956D46DE8}") = "Assets", "Assets", "{CD9C7136-684C-4DB6-B781-62E9A39A64EB}"
EndProject
Project("{2150E333-8FDC-42A3-9474-1A3956D46DE8}") = "Images", "Images", "{91E22FBC-E72C-41BC-BD1F-C3E6B88C2A7A}"
	ProjectSection(SolutionItems) = preProject
		..\Assets\Images\starting.png = ..\Assets\Images\starting.png
	EndProjectSection
EndProject
Global
	GlobalSection(SolutionConfigurationPlatforms) = preSolution
		Debug|Any CPU = Debug|Any CPU
		Release|Any CPU = Release|Any CPU
	EndGlobalSection
	GlobalSection(ProjectConfigurationPlatforms) = postSolution
		{86B161A6-312C-4B6C-AAA5-061D6FDEC967}.Debug|Any CPU.ActiveCfg = Debug|Any CPU
		{86B161A6-312C-4B6C-AAA5-061D6FDEC967}.Debug|Any CPU.Build.0 = Debug|Any CPU
		{86B161A6-312C-4B6C-AAA5-061D6FDEC967}.Release|Any CPU.ActiveCfg = Release|Any CPU
		{86B161A6-312C-4B6C-AAA5-061D6FDEC967}.Release|Any CPU.Build.0 = Release|Any CPU
	EndGlobalSection
	GlobalSection(SolutionProperties) = preSolution
		HideSolutionNode = FALSE
	EndGlobalSection
	GlobalSection(NestedProjects) = preSolution
		{CD9C7136-684C-4DB6-B781-62E9A39A64EB} = {B9D233BF-3C83-4022-B253-BFEEF7F3600F}
		{91E22FBC-E72C-41BC-BD1F-C3E6B88C2A7A} = {CD9C7136-684C-4DB6-B781-62E9A39A64EB}
	EndGlobalSection
	GlobalSection(ExtensibilityGlobals) = postSolution
		SolutionGuid = {3DFDE4F3-F189-46D9-ABED-CAF87B4D533F}
	EndGlobalSection
EndGlobal
